// !$*UTF8*$!
{
	archiveVersion = 1;
	classes = {
	};
	objectVersion = 52;
	objects = {

/* Begin PBXBuildFile section */
		93482F6C268AFA0E008C76C4 /* AppDelegate.swift in Sources */ = {isa = PBXBuildFile; fileRef = 93482F6B268AFA0E008C76C4 /* AppDelegate.swift */; };
		93482F6E268AFA0E008C76C4 /* SceneDelegate.swift in Sources */ = {isa = PBXBuildFile; fileRef = 93482F6D268AFA0E008C76C4 /* SceneDelegate.swift */; };
		93482F70268AFA0E008C76C4 /* SignUpController.swift in Sources */ = {isa = PBXBuildFile; fileRef = 93482F6F268AFA0E008C76C4 /* SignUpController.swift */; };
		93482F73268AFA0E008C76C4 /* Main.storyboard in Resources */ = {isa = PBXBuildFile; fileRef = 93482F71268AFA0E008C76C4 /* Main.storyboard */; };
		93482F75268AFA0F008C76C4 /* Assets.xcassets in Resources */ = {isa = PBXBuildFile; fileRef = 93482F74268AFA0F008C76C4 /* Assets.xcassets */; };
		93482F78268AFA0F008C76C4 /* LaunchScreen.storyboard in Resources */ = {isa = PBXBuildFile; fileRef = 93482F76268AFA0F008C76C4 /* LaunchScreen.storyboard */; };
		93998B4A268B79FA00C4E480 /* SignInController.swift in Sources */ = {isa = PBXBuildFile; fileRef = 93998B49268B79F900C4E480 /* SignInController.swift */; };
		93998B4C268B941A00C4E480 /* UserDetailsViewController.swift in Sources */ = {isa = PBXBuildFile; fileRef = 93998B4B268B941A00C4E480 /* UserDetailsViewController.swift */; };
		93F21308268B61E500ECE68A /* FirebaseAuth in Frameworks */ = {isa = PBXBuildFile; productRef = 93F21307268B61E500ECE68A /* FirebaseAuth */; };
		93F2130A268B62A700ECE68A /* GoogleService-Info.plist in Resources */ = {isa = PBXBuildFile; fileRef = 93F21309268B62A700ECE68A /* GoogleService-Info.plist */; };
/* End PBXBuildFile section */

/* Begin PBXFileReference section */
		93482F68268AFA0E008C76C4 /* FirebaseIntegration.app */ = {isa = PBXFileReference; explicitFileType = wrapper.application; includeInIndex = 0; path = FirebaseIntegration.app; sourceTree = BUILT_PRODUCTS_DIR; };
		93482F6B268AFA0E008C76C4 /* AppDelegate.swift */ = {isa = PBXFileReference; lastKnownFileType = sourcecode.swift; path = AppDelegate.swift; sourceTree = "<group>"; };
		93482F6D268AFA0E008C76C4 /* SceneDelegate.swift */ = {isa = PBXFileReference; lastKnownFileType = sourcecode.swift; path = SceneDelegate.swift; sourceTree = "<group>"; };
		93482F6F268AFA0E008C76C4 /* SignUpController.swift */ = {isa = PBXFileReference; lastKnownFileType = sourcecode.swift; path = SignUpController.swift; sourceTree = "<group>"; };
		93482F72268AFA0E008C76C4 /* Base */ = {isa = PBXFileReference; lastKnownFileType = file.storyboard; name = Base; path = Base.lproj/Main.storyboard; sourceTree = "<group>"; };
		93482F74268AFA0F008C76C4 /* Assets.xcassets */ = {isa = PBXFileReference; lastKnownFileType = folder.assetcatalog; path = Assets.xcassets; sourceTree = "<group>"; };
		93482F77268AFA0F008C76C4 /* Base */ = {isa = PBXFileReference; lastKnownFileType = file.storyboard; name = Base; path = Base.lproj/LaunchScreen.storyboard; sourceTree = "<group>"; };
		93482F79268AFA0F008C76C4 /* Info.plist */ = {isa = PBXFileReference; lastKnownFileType = text.plist.xml; path = Info.plist; sourceTree = "<group>"; };
		93998B49268B79F900C4E480 /* SignInController.swift */ = {isa = PBXFileReference; fileEncoding = 4; lastKnownFileType = sourcecode.swift; path = SignInController.swift; sourceTree = "<group>"; };
		93998B4B268B941A00C4E480 /* UserDetailsViewController.swift */ = {isa = PBXFileReference; lastKnownFileType = sourcecode.swift; path = UserDetailsViewController.swift; sourceTree = "<group>"; };
		93F21309268B62A700ECE68A /* GoogleService-Info.plist */ = {isa = PBXFileReference; fileEncoding = 4; lastKnownFileType = text.plist.xml; path = "GoogleService-Info.plist"; sourceTree = "<group>"; };
/* End PBXFileReference section */

/* Begin PBXFrameworksBuildPhase section */
		93482F65268AFA0E008C76C4 /* Frameworks */ = {
			isa = PBXFrameworksBuildPhase;
			buildActionMask = 2147483647;
			files = (
				93F21308268B61E500ECE68A /* FirebaseAuth in Frameworks */,
			);
			runOnlyForDeploymentPostprocessing = 0;
		};
/* End PBXFrameworksBuildPhase section */

/* Begin PBXGroup section */
		93482F5F268AFA0E008C76C4 = {
			isa = PBXGroup;
			children = (
				93482F6A268AFA0E008C76C4 /* FirebaseIntegration */,
				93482F69268AFA0E008C76C4 /* Products */,
			);
			sourceTree = "<group>";
		};
		93482F69268AFA0E008C76C4 /* Products */ = {
			isa = PBXGroup;
			children = (
				93482F68268AFA0E008C76C4 /* FirebaseIntegration.app */,
			);
			name = Products;
			sourceTree = "<group>";
		};
		93482F6A268AFA0E008C76C4 /* FirebaseIntegration */ = {
			isa = PBXGroup;
			children = (
				93482F6B268AFA0E008C76C4 /* AppDelegate.swift */,
				93482F6D268AFA0E008C76C4 /* SceneDelegate.swift */,
				93482F6F268AFA0E008C76C4 /* SignUpController.swift */,
				93998B4B268B941A00C4E480 /* UserDetailsViewController.swift */,
				93998B49268B79F900C4E480 /* SignInController.swift */,
				93482F71268AFA0E008C76C4 /* Main.storyboard */,
				93482F74268AFA0F008C76C4 /* Assets.xcassets */,
				93482F76268AFA0F008C76C4 /* LaunchScreen.storyboard */,
				93482F79268AFA0F008C76C4 /* Info.plist */,
				93F21309268B62A700ECE68A /* GoogleService-Info.plist */,
			);
			path = FirebaseIntegration;
			sourceTree = "<group>";
		};
/* End PBXGroup section */

/* Begin PBXNativeTarget section */
		93482F67268AFA0E008C76C4 /* FirebaseIntegration */ = {
			isa = PBXNativeTarget;
			buildConfigurationList = 93482F7C268AFA0F008C76C4 /* Build configuration list for PBXNativeTarget "FirebaseIntegration" */;
			buildPhases = (
				93482F64268AFA0E008C76C4 /* Sources */,
				93482F65268AFA0E008C76C4 /* Frameworks */,
				93482F66268AFA0E008C76C4 /* Resources */,
			);
			buildRules = (
			);
			dependencies = (
			);
			name = FirebaseIntegration;
			packageProductDependencies = (
				93F21307268B61E500ECE68A /* FirebaseAuth */,
			);
			productName = FirebaseIntegration;
			productReference = 93482F68268AFA0E008C76C4 /* FirebaseIntegration.app */;
			productType = "com.apple.product-type.application";
		};
/* End PBXNativeTarget section */

/* Begin PBXProject section */
		93482F60268AFA0E008C76C4 /* Project object */ = {
			isa = PBXProject;
			attributes = {
				LastSwiftUpdateCheck = 1250;
				LastUpgradeCheck = 1250;
				TargetAttributes = {
					93482F67268AFA0E008C76C4 = {
						CreatedOnToolsVersion = 12.5.1;
					};
				};
			};
			buildConfigurationList = 93482F63268AFA0E008C76C4 /* Build configuration list for PBXProject "FirebaseIntegration" */;
			compatibilityVersion = "Xcode 9.3";
			developmentRegion = en;
			hasScannedForEncodings = 0;
			knownRegions = (
				en,
				Base,
			);
			mainGroup = 93482F5F268AFA0E008C76C4;
			packageReferences = (
				93F21306268B61E500ECE68A /* XCRemoteSwiftPackageReference "firebase-ios-sdk" */,
			);
			productRefGroup = 93482F69268AFA0E008C76C4 /* Products */;
			projectDirPath = "";
			projectRoot = "";
			targets = (
				93482F67268AFA0E008C76C4 /* FirebaseIntegration */,
			);
		};
/* End PBXProject section */

/* Begin PBXResourcesBuildPhase section */
		93482F66268AFA0E008C76C4 /* Resources */ = {
			isa = PBXResourcesBuildPhase;
			buildActionMask = 2147483647;
			files = (
				93482F78268AFA0F008C76C4 /* LaunchScreen.storyboard in Resources */,
				93F2130A268B62A700ECE68A /* GoogleService-Info.plist in Resources */,
				93482F75268AFA0F008C76C4 /* Assets.xcassets in Resources */,
				93482F73268AFA0E008C76C4 /* Main.storyboard in Resources */,
			);
			runOnlyForDeploymentPostprocessing = 0;
		};
/* End PBXResourcesBuildPhase section */

/* Begin PBXSourcesBuildPhase section */
		93482F64268AFA0E008C76C4 /* Sources */ = {
			isa = PBXSourcesBuildPhase;
			buildActionMask = 2147483647;
			files = (
				93998B4C268B941A00C4E480 /* UserDetailsViewController.swift in Sources */,
				93482F70268AFA0E008C76C4 /* SignUpController.swift in Sources */,
				93482F6C268AFA0E008C76C4 /* AppDelegate.swift in Sources */,
				93482F6E268AFA0E008C76C4 /* SceneDelegate.swift in Sources */,
				93998B4A268B79FA00C4E480 /* SignInController.swift in Sources */,
			);
			runOnlyForDeploymentPostprocessing = 0;
		};
/* End PBXSourcesBuildPhase section */

/* Begin PBXVariantGroup section */
		93482F71268AFA0E008C76C4 /* Main.storyboard */ = {
			isa = PBXVariantGroup;
			children = (
				93482F72268AFA0E008C76C4 /* Base */,
			);
			name = Main.storyboard;
			sourceTree = "<group>";
		};
		93482F76268AFA0F008C76C4 /* LaunchScreen.storyboard */ = {
			isa = PBXVariantGroup;
			children = (
				93482F77268AFA0F008C76C4 /* Base */,
			);
			name = LaunchScreen.storyboard;
			sourceTree = "<group>";
		};
/* End PBXVariantGroup section */

/* Begin XCBuildConfiguration section */
		93482F7A268AFA0F008C76C4 /* Debug */ = {
			isa = XCBuildConfiguration;
			buildSettings = {
				ALWAYS_SEARCH_USER_PATHS = NO;
				CLANG_ANALYZER_NONNULL = YES;
				CLANG_ANALYZER_NUMBER_OBJECT_CONVERSION = YES_AGGRESSIVE;
				CLANG_CXX_LANGUAGE_STANDARD = "gnu++14";
				CLANG_CXX_LIBRARY = "libc++";
				CLANG_ENABLE_MODULES = YES;
				CLANG_ENABLE_OBJC_ARC = YES;
				CLANG_ENABLE_OBJC_WEAK = YES;
				CLANG_WARN_BLOCK_CAPTURE_AUTORELEASING = YES;
				CLANG_WARN_BOOL_CONVERSION = YES;
				CLANG_WARN_COMMA = YES;
				CLANG_WARN_CONSTANT_CONVERSION = YES;
				CLANG_WARN_DEPRECATED_OBJC_IMPLEMENTATIONS = YES;
				CLANG_WARN_DIRECT_OBJC_ISA_USAGE = YES_ERROR;
				CLANG_WARN_DOCUMENTATION_COMMENTS = YES;
				CLANG_WARN_EMPTY_BODY = YES;
				CLANG_WARN_ENUM_CONVERSION = YES;
				CLANG_WARN_INFINITE_RECURSION = YES;
				CLANG_WARN_INT_CONVERSION = YES;
				CLANG_WARN_NON_LITERAL_NULL_CONVERSION = YES;
				CLANG_WARN_OBJC_IMPLICIT_RETAIN_SELF = YES;
				CLANG_WARN_OBJC_LITERAL_CONVERSION = YES;
				CLANG_WARN_OBJC_ROOT_CLASS = YES_ERROR;
				CLANG_WARN_QUOTED_INCLUDE_IN_FRAMEWORK_HEADER = YES;
				CLANG_WARN_RANGE_LOOP_ANALYSIS = YES;
				CLANG_WARN_STRICT_PROTOTYPES = YES;
				CLANG_WARN_SUSPICIOUS_MOVE = YES;
				CLANG_WARN_UNGUARDED_AVAILABILITY = YES_AGGRESSIVE;
				CLANG_WARN_UNREACHABLE_CODE = YES;
				CLANG_WARN__DUPLICATE_METHOD_MATCH = YES;
				COPY_PHASE_STRIP = NO;
				DEBUG_INFORMATION_FORMAT = dwarf;
				ENABLE_STRICT_OBJC_MSGSEND = YES;
				ENABLE_TESTABILITY = YES;
				GCC_C_LANGUAGE_STANDARD = gnu11;
				GCC_DYNAMIC_NO_PIC = NO;
				GCC_NO_COMMON_BLOCKS = YES;
				GCC_OPTIMIZATION_LEVEL = 0;
				GCC_PREPROCESSOR_DEFINITIONS = (
					"DEBUG=1",
					"$(inherited)",
				);
				GCC_WARN_64_TO_32_BIT_CONVERSION = YES;
				GCC_WARN_ABOUT_RETURN_TYPE = YES_ERROR;
				GCC_WARN_UNDECLARED_SELECTOR = YES;
				GCC_WARN_UNINITIALIZED_AUTOS = YES_AGGRESSIVE;
				GCC_WARN_UNUSED_FUNCTION = YES;
				GCC_WARN_UNUSED_VARIABLE = YES;
				IPHONEOS_DEPLOYMENT_TARGET = 14.5;
				MTL_ENABLE_DEBUG_INFO = INCLUDE_SOURCE;
				MTL_FAST_MATH = YES;
				ONLY_ACTIVE_ARCH = YES;
				SDKROOT = iphoneos;
				SWIFT_ACTIVE_COMPILATION_CONDITIONS = DEBUG;
				SWIFT_OPTIMIZATION_LEVEL = "-Onone";
			};
			name = Debug;
		};
		93482F7B268AFA0F008C76C4 /* Release */ = {
			isa = XCBuildConfiguration;
			buildSettings = {
				ALWAYS_SEARCH_USER_PATHS = NO;
				CLANG_ANALYZER_NONNULL = YES;
				CLANG_ANALYZER_NUMBER_OBJECT_CONVERSION = YES_AGGRESSIVE;
				CLANG_CXX_LANGUAGE_STANDARD = "gnu++14";
				CLANG_CXX_LIBRARY = "libc++";
				CLANG_ENABLE_MODULES = YES;
				CLANG_ENABLE_OBJC_ARC = YES;
				CLANG_ENABLE_OBJC_WEAK = YES;
				CLANG_WARN_BLOCK_CAPTURE_AUTORELEASING = YES;
				CLANG_WARN_BOOL_CONVERSION = YES;
				CLANG_WARN_COMMA = YES;
				CLANG_WARN_CONSTANT_CONVERSION = YES;
				CLANG_WARN_DEPRECATED_OBJC_IMPLEMENTATIONS = YES;
				CLANG_WARN_DIRECT_OBJC_ISA_USAGE = YES_ERROR;
				CLANG_WARN_DOCUMENTATION_COMMENTS = YES;
				CLANG_WARN_EMPTY_BODY = YES;
				CLANG_WARN_ENUM_CONVERSION = YES;
				CLANG_WARN_INFINITE_RECURSION = YES;
				CLANG_WARN_INT_CONVERSION = YES;
				CLANG_WARN_NON_LITERAL_NULL_CONVERSION = YES;
				CLANG_WARN_OBJC_IMPLICIT_RETAIN_SELF = YES;
				CLANG_WARN_OBJC_LITERAL_CONVERSION = YES;
				CLANG_WARN_OBJC_ROOT_CLASS = YES_ERROR;
				CLANG_WARN_QUOTED_INCLUDE_IN_FRAMEWORK_HEADER = YES;
				CLANG_WARN_RANGE_LOOP_ANALYSIS = YES;
				CLANG_WARN_STRICT_PROTOTYPES = YES;
				CLANG_WARN_SUSPICIOUS_MOVE = YES;
				CLANG_WARN_UNGUARDED_AVAILABILITY = YES_AGGRESSIVE;
				CLANG_WARN_UNREACHABLE_CODE = YES;
				CLANG_WARN__DUPLICATE_METHOD_MATCH = YES;
				COPY_PHASE_STRIP = NO;
				DEBUG_INFORMATION_FORMAT = "dwarf-with-dsym";
				ENABLE_NS_ASSERTIONS = NO;
				ENABLE_STRICT_OBJC_MSGSEND = YES;
				GCC_C_LANGUAGE_STANDARD = gnu11;
				GCC_NO_COMMON_BLOCKS = YES;
				GCC_WARN_64_TO_32_BIT_CONVERSION = YES;
				GCC_WARN_ABOUT_RETURN_TYPE = YES_ERROR;
				GCC_WARN_UNDECLARED_SELECTOR = YES;
				GCC_WARN_UNINITIALIZED_AUTOS = YES_AGGRESSIVE;
				GCC_WARN_UNUSED_FUNCTION = YES;
				GCC_WARN_UNUSED_VARIABLE = YES;
				IPHONEOS_DEPLOYMENT_TARGET = 14.5;
				MTL_ENABLE_DEBUG_INFO = NO;
				MTL_FAST_MATH = YES;
				SDKROOT = iphoneos;
				SWIFT_COMPILATION_MODE = wholemodule;
				SWIFT_OPTIMIZATION_LEVEL = "-O";
				VALIDATE_PRODUCT = YES;
			};
			name = Release;
		};
		93482F7D268AFA0F008C76C4 /* Debug */ = {
			isa = XCBuildConfiguration;
			buildSettings = {
				ASSETCATALOG_COMPILER_APPICON_NAME = AppIcon;
				ASSETCATALOG_COMPILER_GLOBAL_ACCENT_COLOR_NAME = AccentColor;
				CODE_SIGN_STYLE = Automatic;
				INFOPLIST_FILE = FirebaseIntegration/Info.plist;
				LD_RUNPATH_SEARCH_PATHS = (
					"$(inherited)",
					"@executable_path/Frameworks",
				);
				PRODUCT_BUNDLE_IDENTIFIER = harshit.jain.FirebaseIntegration;
				PRODUCT_NAME = "$(TARGET_NAME)";
				SWIFT_VERSION = 5.0;
				TARGETED_DEVICE_FAMILY = "1,2";
			};
			name = Debug;
		};
		93482F7E268AFA0F008C76C4 /* Release */ = {
			isa = XCBuildConfiguration;
			buildSettings = {
				ASSETCATALOG_COMPILER_APPICON_NAME = AppIcon;
				ASSETCATALOG_COMPILER_GLOBAL_ACCENT_COLOR_NAME = AccentColor;
				CODE_SIGN_STYLE = Automatic;
				INFOPLIST_FILE = FirebaseIntegration/Info.plist;
				LD_RUNPATH_SEARCH_PATHS = (
					"$(inherited)",
					"@executable_path/Frameworks",
				);
				PRODUCT_BUNDLE_IDENTIFIER = harshit.jain.FirebaseIntegration;
				PRODUCT_NAME = "$(TARGET_NAME)";
				SWIFT_VERSION = 5.0;
				TARGETED_DEVICE_FAMILY = "1,2";
			};
			name = Release;
		};
/* End XCBuildConfiguration section */

/* Begin XCConfigurationList section */
		93482F63268AFA0E008C76C4 /* Build configuration list for PBXProject "FirebaseIntegration" */ = {
			isa = XCConfigurationList;
			buildConfigurations = (
				93482F7A268AFA0F008C76C4 /* Debug */,
				93482F7B268AFA0F008C76C4 /* Release */,
			);
			defaultConfigurationIsVisible = 0;
			defaultConfigurationName = Release;
		};
		93482F7C268AFA0F008C76C4 /* Build configuration list for PBXNativeTarget "FirebaseIntegration" */ = {
			isa = XCConfigurationList;
			buildConfigurations = (
				93482F7D268AFA0F008C76C4 /* Debug */,
				93482F7E268AFA0F008C76C4 /* Release */,
			);
			defaultConfigurationIsVisible = 0;
			defaultConfigurationName = Release;
		};
/* End XCConfigurationList section */

/* Begin XCRemoteSwiftPackageReference section */
		93F21306268B61E500ECE68A /* XCRemoteSwiftPackageReference "firebase-ios-sdk" */ = {
			isa = XCRemoteSwiftPackageReference;
			repositoryURL = "https://github.com/firebase/firebase-ios-sdk";
			requirement = {
				kind = upToNextMajorVersion;
				minimumVersion = 8.2.0;
			};
		};
/* End XCRemoteSwiftPackageReference section */

/* Begin XCSwiftPackageProductDependency section */
		93F21307268B61E500ECE68A /* FirebaseAuth */ = {
			isa = XCSwiftPackageProductDependency;
			package = 93F21306268B61E500ECE68A /* XCRemoteSwiftPackageReference "firebase-ios-sdk" */;
			productName = FirebaseAuth;
		};
/* End XCSwiftPackageProductDependency section */
	};
	rootObject = 93482F60268AFA0E008C76C4 /* Project object */;
}
